// !$*UTF8*$!
{
	archiveVersion = 1;
	classes = {
	};
	objectVersion = 50;
	objects = {

/* Begin PBXBuildFile section */
		C25ADA0D23575E010005034D /* SceneDelegate.swift in Sources */ = {isa = PBXBuildFile; fileRef = C25ADA0C23575E010005034D /* SceneDelegate.swift */; };
		C25ADA0F23575E200005034D /* AppDelegate.swift in Sources */ = {isa = PBXBuildFile; fileRef = C25ADA0E23575E200005034D /* AppDelegate.swift */; };
		C2BCE3C523354FF7001A4132 /* TableView.swift in Sources */ = {isa = PBXBuildFile; fileRef = C2BCE3C423354FF7001A4132 /* TableView.swift */; };
		C2BCE3C823354FF7001A4132 /* Main.storyboard in Resources */ = {isa = PBXBuildFile; fileRef = C2BCE3C623354FF7001A4132 /* Main.storyboard */; };
		C2BCE3CA23354FF8001A4132 /* Assets.xcassets in Resources */ = {isa = PBXBuildFile; fileRef = C2BCE3C923354FF8001A4132 /* Assets.xcassets */; };
		C2BCE3CD23354FF8001A4132 /* LaunchScreen.storyboard in Resources */ = {isa = PBXBuildFile; fileRef = C2BCE3CB23354FF8001A4132 /* LaunchScreen.storyboard */; };
		C2EA1F622356567600A8729D /* TableViewCell.swift in Sources */ = {isa = PBXBuildFile; fileRef = C2EA1F612356567600A8729D /* TableViewCell.swift */; };
/* End PBXBuildFile section */

/* Begin PBXFileReference section */
		C25ADA0C23575E010005034D /* SceneDelegate.swift */ = {isa = PBXFileReference; fileEncoding = 4; lastKnownFileType = sourcecode.swift; path = SceneDelegate.swift; sourceTree = "<group>"; };
		C25ADA0E23575E200005034D /* AppDelegate.swift */ = {isa = PBXFileReference; fileEncoding = 4; lastKnownFileType = sourcecode.swift; path = AppDelegate.swift; sourceTree = "<group>"; };
		C2BCE3BD23354FF7001A4132 /* PullToRefreshExample.app */ = {isa = PBXFileReference; explicitFileType = wrapper.application; includeInIndex = 0; path = PullToRefreshExample.app; sourceTree = BUILT_PRODUCTS_DIR; };
		C2BCE3C423354FF7001A4132 /* TableView.swift */ = {isa = PBXFileReference; lastKnownFileType = sourcecode.swift; path = TableView.swift; sourceTree = "<group>"; };
		C2BCE3C723354FF7001A4132 /* Base */ = {isa = PBXFileReference; lastKnownFileType = file.storyboard; name = Base; path = Base.lproj/Main.storyboard; sourceTree = "<group>"; };
		C2BCE3C923354FF8001A4132 /* Assets.xcassets */ = {isa = PBXFileReference; lastKnownFileType = folder.assetcatalog; path = Assets.xcassets; sourceTree = "<group>"; };
		C2BCE3CC23354FF8001A4132 /* Base */ = {isa = PBXFileReference; lastKnownFileType = file.storyboard; name = Base; path = Base.lproj/LaunchScreen.storyboard; sourceTree = "<group>"; };
		C2BCE3CE23354FF8001A4132 /* Info.plist */ = {isa = PBXFileReference; lastKnownFileType = text.plist.xml; path = Info.plist; sourceTree = "<group>"; };
		C2EA1F612356567600A8729D /* TableViewCell.swift */ = {isa = PBXFileReference; lastKnownFileType = sourcecode.swift; path = TableViewCell.swift; sourceTree = "<group>"; };
/* End PBXFileReference section */

/* Begin PBXFrameworksBuildPhase section */
		C2BCE3BA23354FF7001A4132 /* Frameworks */ = {
			isa = PBXFrameworksBuildPhase;
			buildActionMask = 2147483647;
			files = (
			);
			runOnlyForDeploymentPostprocessing = 0;
		};
/* End PBXFrameworksBuildPhase section */

/* Begin PBXGroup section */
		C2BCE3B423354FF7001A4132 = {
			isa = PBXGroup;
			children = (
				C2BCE3BF23354FF7001A4132 /* PullToRefreshExample */,
				C2BCE3BE23354FF7001A4132 /* Products */,
			);
			sourceTree = "<group>";
		};
		C2BCE3BE23354FF7001A4132 /* Products */ = {
			isa = PBXGroup;
			children = (
				C2BCE3BD23354FF7001A4132 /* PullToRefreshExample.app */,
			);
			name = Products;
			sourceTree = "<group>";
		};
		C2BCE3BF23354FF7001A4132 /* PullToRefreshExample */ = {
			isa = PBXGroup;
			children = (
				C25ADA0E23575E200005034D /* AppDelegate.swift */,
				C2BCE3C423354FF7001A4132 /* TableView.swift */,
				C25ADA0C23575E010005034D /* SceneDelegate.swift */,
				C2EA1F612356567600A8729D /* TableViewCell.swift */,
				C2BCE3C623354FF7001A4132 /* Main.storyboard */,
				C2BCE3C923354FF8001A4132 /* Assets.xcassets */,
				C2BCE3CB23354FF8001A4132 /* LaunchScreen.storyboard */,
				C2BCE3CE23354FF8001A4132 /* Info.plist */,
			);
			path = PullToRefreshExample;
			sourceTree = "<group>";
		};
/* End PBXGroup section */

/* Begin PBXNativeTarget section */
		C2BCE3BC23354FF7001A4132 /* PullToRefreshExample */ = {
			isa = PBXNativeTarget;
			buildConfigurationList = C2BCE3D123354FF8001A4132 /* Build configuration list for PBXNativeTarget "PullToRefreshExample" */;
			buildPhases = (
				C2BCE3B923354FF7001A4132 /* Sources */,
				C2BCE3BA23354FF7001A4132 /* Frameworks */,
				C2BCE3BB23354FF7001A4132 /* Resources */,
			);
			buildRules = (
			);
			dependencies = (
			);
			name = PullToRefreshExample;
			productName = PullToRefreshExample;
			productReference = C2BCE3BD23354FF7001A4132 /* PullToRefreshExample.app */;
			productType = "com.apple.product-type.application";
		};
/* End PBXNativeTarget section */

/* Begin PBXProject section */
		C2BCE3B523354FF7001A4132 /* Project object */ = {
			isa = PBXProject;
			attributes = {
				LastSwiftUpdateCheck = 1100;
				LastUpgradeCheck = 1100;
				ORGANIZATIONNAME = example;
				TargetAttributes = {
					C2BCE3BC23354FF7001A4132 = {
						CreatedOnToolsVersion = 11.0;
					};
				};
			};
			buildConfigurationList = C2BCE3B823354FF7001A4132 /* Build configuration list for PBXProject "PullToRefreshExample" */;
			compatibilityVersion = "Xcode 9.3";
			developmentRegion = en;
			hasScannedForEncodings = 0;
			knownRegions = (
				en,
				Base,
			);
			mainGroup = C2BCE3B423354FF7001A4132;
			productRefGroup = C2BCE3BE23354FF7001A4132 /* Products */;
			projectDirPath = "";
			projectRoot = "";
			targets = (
				C2BCE3BC23354FF7001A4132 /* PullToRefreshExample */,
			);
		};
/* End PBXProject section */

/* Begin PBXResourcesBuildPhase section */
		C2BCE3BB23354FF7001A4132 /* Resources */ = {
			isa = PBXResourcesBuildPhase;
			buildActionMask = 2147483647;
			files = (
				C2BCE3CD23354FF8001A4132 /* LaunchScreen.storyboard in Resources */,
				C2BCE3CA23354FF8001A4132 /* Assets.xcassets in Resources */,
				C2BCE3C823354FF7001A4132 /* Main.storyboard in Resources */,
			);
			runOnlyForDeploymentPostprocessing = 0;
		};
/* End PBXResourcesBuildPhase section */

/* Begin PBXSourcesBuildPhase section */
		C2BCE3B923354FF7001A4132 /* Sources */ = {
			isa = PBXSourcesBuildPhase;
			buildActionMask = 2147483647;
			files = (
				C25ADA0F23575E200005034D /* AppDelegate.swift in Sources */,
				C2EA1F622356567600A8729D /* TableViewCell.swift in Sources */,
				C2BCE3C523354FF7001A4132 /* TableView.swift in Sources */,
				C25ADA0D23575E010005034D /* SceneDelegate.swift in Sources */,
			);
			runOnlyForDeploymentPostprocessing = 0;
		};
/* End PBXSourcesBuildPhase section */

/* Begin PBXVariantGroup section */
		C2BCE3C623354FF7001A4132 /* Main.storyboard */ = {
			isa = PBXVariantGroup;
			children = (
				C2BCE3C723354FF7001A4132 /* Base */,
			);
			name = Main.storyboard;
			sourceTree = "<group>";
		};
		C2BCE3CB23354FF8001A4132 /* LaunchScreen.storyboard */ = {
			isa = PBXVariantGroup;
			children = (
				C2BCE3CC23354FF8001A4132 /* Base */,
			);
			name = LaunchScreen.storyboard;
			sourceTree = "<group>";
		};
/* End PBXVariantGroup section */

/* Begin XCBuildConfiguration section */
		C2BCE3CF23354FF8001A4132 /* Debug */ = {
			isa = XCBuildConfiguration;
			buildSettings = {
				ALWAYS_SEARCH_USER_PATHS = NO;
				CLANG_ANALYZER_NONNULL = YES;
				CLANG_ANALYZER_NUMBER_OBJECT_CONVERSION = YES_AGGRESSIVE;
				CLANG_CXX_LANGUAGE_STANDARD = "gnu++14";
				CLANG_CXX_LIBRARY = "libc++";
				CLANG_ENABLE_MODULES = YES;
				CLANG_ENABLE_OBJC_ARC = YES;
				CLANG_ENABLE_OBJC_WEAK = YES;
				CLANG_WARN_BLOCK_CAPTURE_AUTORELEASING = YES;
				CLANG_WARN_BOOL_CONVERSION = YES;
				CLANG_WARN_COMMA = YES;
				CLANG_WARN_CONSTANT_CONVERSION = YES;
				CLANG_WARN_DEPRECATED_OBJC_IMPLEMENTATIONS = YES;
				CLANG_WARN_DIRECT_OBJC_ISA_USAGE = YES_ERROR;
				CLANG_WARN_DOCUMENTATION_COMMENTS = YES;
				CLANG_WARN_EMPTY_BODY = YES;
				CLANG_WARN_ENUM_CONVERSION = YES;
				CLANG_WARN_INFINITE_RECURSION = YES;
				CLANG_WARN_INT_CONVERSION = YES;
				CLANG_WARN_NON_LITERAL_NULL_CONVERSION = YES;
				CLANG_WARN_OBJC_IMPLICIT_RETAIN_SELF = YES;
				CLANG_WARN_OBJC_LITERAL_CONVERSION = YES;
				CLANG_WARN_OBJC_ROOT_CLASS = YES_ERROR;
				CLANG_WARN_RANGE_LOOP_ANALYSIS = YES;
				CLANG_WARN_STRICT_PROTOTYPES = YES;
				CLANG_WARN_SUSPICIOUS_MOVE = YES;
				CLANG_WARN_UNGUARDED_AVAILABILITY = YES_AGGRESSIVE;
				CLANG_WARN_UNREACHABLE_CODE = YES;
				CLANG_WARN__DUPLICATE_METHOD_MATCH = YES;
				COPY_PHASE_STRIP = NO;
				DEBUG_INFORMATION_FORMAT = dwarf;
				ENABLE_STRICT_OBJC_MSGSEND = YES;
				ENABLE_TESTABILITY = YES;
				GCC_C_LANGUAGE_STANDARD = gnu11;
				GCC_DYNAMIC_NO_PIC = NO;
				GCC_NO_COMMON_BLOCKS = YES;
				GCC_OPTIMIZATION_LEVEL = 0;
				GCC_PREPROCESSOR_DEFINITIONS = (
					"DEBUG=1",
					"$(inherited)",
				);
				GCC_WARN_64_TO_32_BIT_CONVERSION = YES;
				GCC_WARN_ABOUT_RETURN_TYPE = YES_ERROR;
				GCC_WARN_UNDECLARED_SELECTOR = YES;
				GCC_WARN_UNINITIALIZED_AUTOS = YES_AGGRESSIVE;
				GCC_WARN_UNUSED_FUNCTION = YES;
				GCC_WARN_UNUSED_VARIABLE = YES;
				IPHONEOS_DEPLOYMENT_TARGET = 13.0;
				MTL_ENABLE_DEBUG_INFO = INCLUDE_SOURCE;
				MTL_FAST_MATH = YES;
				ONLY_ACTIVE_ARCH = YES;
				SDKROOT = iphoneos;
				SWIFT_ACTIVE_COMPILATION_CONDITIONS = DEBUG;
				SWIFT_OPTIMIZATION_LEVEL = "-Onone";
			};
			name = Debug;
		};
		C2BCE3D023354FF8001A4132 /* Release */ = {
			isa = XCBuildConfiguration;
			buildSettings = {
				ALWAYS_SEARCH_USER_PATHS = NO;
				CLANG_ANALYZER_NONNULL = YES;
				CLANG_ANALYZER_NUMBER_OBJECT_CONVERSION = YES_AGGRESSIVE;
				CLANG_CXX_LANGUAGE_STANDARD = "gnu++14";
				CLANG_CXX_LIBRARY = "libc++";
				CLANG_ENABLE_MODULES = YES;
				CLANG_ENABLE_OBJC_ARC = YES;
				CLANG_ENABLE_OBJC_WEAK = YES;
				CLANG_WARN_BLOCK_CAPTURE_AUTORELEASING = YES;
				CLANG_WARN_BOOL_CONVERSION = YES;
				CLANG_WARN_COMMA = YES;
				CLANG_WARN_CONSTANT_CONVERSION = YES;
				CLANG_WARN_DEPRECATED_OBJC_IMPLEMENTATIONS = YES;
				CLANG_WARN_DIRECT_OBJC_ISA_USAGE = YES_ERROR;
				CLANG_WARN_DOCUMENTATION_COMMENTS = YES;
				CLANG_WARN_EMPTY_BODY = YES;
				CLANG_WARN_ENUM_CONVERSION = YES;
				CLANG_WARN_INFINITE_RECURSION = YES;
				CLANG_WARN_INT_CONVERSION = YES;
				CLANG_WARN_NON_LITERAL_NULL_CONVERSION = YES;
				CLANG_WARN_OBJC_IMPLICIT_RETAIN_SELF = YES;
				CLANG_WARN_OBJC_LITERAL_CONVERSION = YES;
				CLANG_WARN_OBJC_ROOT_CLASS = YES_ERROR;
				CLANG_WARN_RANGE_LOOP_ANALYSIS = YES;
				CLANG_WARN_STRICT_PROTOTYPES = YES;
				CLANG_WARN_SUSPICIOUS_MOVE = YES;
				CLANG_WARN_UNGUARDED_AVAILABILITY = YES_AGGRESSIVE;
				CLANG_WARN_UNREACHABLE_CODE = YES;
				CLANG_WARN__DUPLICATE_METHOD_MATCH = YES;
				COPY_PHASE_STRIP = NO;
				DEBUG_INFORMATION_FORMAT = "dwarf-with-dsym";
				ENABLE_NS_ASSERTIONS = NO;
				ENABLE_STRICT_OBJC_MSGSEND = YES;
				GCC_C_LANGUAGE_STANDARD = gnu11;
				GCC_NO_COMMON_BLOCKS = YES;
				GCC_WARN_64_TO_32_BIT_CONVERSION = YES;
				GCC_WARN_ABOUT_RETURN_TYPE = YES_ERROR;
				GCC_WARN_UNDECLARED_SELECTOR = YES;
				GCC_WARN_UNINITIALIZED_AUTOS = YES_AGGRESSIVE;
				GCC_WARN_UNUSED_FUNCTION = YES;
				GCC_WARN_UNUSED_VARIABLE = YES;
				IPHONEOS_DEPLOYMENT_TARGET = 13.0;
				MTL_ENABLE_DEBUG_INFO = NO;
				MTL_FAST_MATH = YES;
				SDKROOT = iphoneos;
				SWIFT_COMPILATION_MODE = wholemodule;
				SWIFT_OPTIMIZATION_LEVEL = "-O";
				VALIDATE_PRODUCT = YES;
			};
			name = Release;
		};
		C2BCE3D223354FF8001A4132 /* Debug */ = {
			isa = XCBuildConfiguration;
			buildSettings = {
				ASSETCATALOG_COMPILER_APPICON_NAME = AppIcon;
				CODE_SIGN_STYLE = Automatic;
				DEVELOPMENT_TEAM = 6P8Q9Q6J62;
				INFOPLIST_FILE = PullToRefreshExample/Info.plist;
				IPHONEOS_DEPLOYMENT_TARGET = 13.0;
				LD_RUNPATH_SEARCH_PATHS = (
					"$(inherited)",
					"@executable_path/Frameworks",
				);
				PRODUCT_BUNDLE_IDENTIFIER = com.example.PullToRefreshExample;
				PRODUCT_NAME = "$(TARGET_NAME)";
				SWIFT_VERSION = 5.0;
				TARGETED_DEVICE_FAMILY = "1,2";
			};
			name = Debug;
		};
		C2BCE3D323354FF8001A4132 /* Release */ = {
			isa = XCBuildConfiguration;
			buildSettings = {
				ASSETCATALOG_COMPILER_APPICON_NAME = AppIcon;
				CODE_SIGN_STYLE = Automatic;
				DEVELOPMENT_TEAM = 6P8Q9Q6J62;
				INFOPLIST_FILE = PullToRefreshExample/Info.plist;
				IPHONEOS_DEPLOYMENT_TARGET = 13.0;
				LD_RUNPATH_SEARCH_PATHS = (
					"$(inherited)",
					"@executable_path/Frameworks",
				);
				PRODUCT_BUNDLE_IDENTIFIER = com.example.PullToRefreshExample;
				PRODUCT_NAME = "$(TARGET_NAME)";
				SWIFT_VERSION = 5.0;
				TARGETED_DEVICE_FAMILY = "1,2";
			};
			name = Release;
		};
/* End XCBuildConfiguration section */

/* Begin XCConfigurationList section */
		C2BCE3B823354FF7001A4132 /* Build configuration list for PBXProject "PullToRefreshExample" */ = {
			isa = XCConfigurationList;
			buildConfigurations = (
				C2BCE3CF23354FF8001A4132 /* Debug */,
				C2BCE3D023354FF8001A4132 /* Release */,
			);
			defaultConfigurationIsVisible = 0;
			defaultConfigurationName = Release;
		};
		C2BCE3D123354FF8001A4132 /* Build configuration list for PBXNativeTarget "PullToRefreshExample" */ = {
			isa = XCConfigurationList;
			buildConfigurations = (
				C2BCE3D223354FF8001A4132 /* Debug */,
				C2BCE3D323354FF8001A4132 /* Release */,
			);
			defaultConfigurationIsVisible = 0;
			defaultConfigurationName = Release;
		};
/* End XCConfigurationList section */
	};
	rootObject = C2BCE3B523354FF7001A4132 /* Project object */;
}
